
Microsoft Visual Studio Solution File, Format Version 12.00
# Visual Studio Version 17
VisualStudioVersion = 17.5.33424.131
MinimumVisualStudioVersion = 10.0.40219.1
Project("{9A19103F-16F7-4668-BE54-9A1E7A4F7556}") = "HomeTasks_1_4", "HomeTasks_1_4\HomeTasks_1_4.csproj", "{5F9003A8-8980-45A9-9B4E-F0F83D7890F5}"
EndProject
Project("{9A19103F-16F7-4668-BE54-9A1E7A4F7556}") = "HomeTask_5_Phones_CreditCards", "HomeTask_5_Phones_CreditCards\HomeTask_5_Phones_CreditCards.csproj", "{A159AD44-EBE0-4754-A569-77EA6D833140}"
EndProject
Project("{9A19103F-16F7-4668-BE54-9A1E7A4F7556}") = "HomeTask_6_Figures_Hospital", "HomeTask_6_Figures_Hospital\HomeTask_6_Figures_Hospital.csproj", "{BEFBD078-D180-4AB0-AE82-FECF6551A70A}"
EndProject
Project("{9A19103F-16F7-4668-BE54-9A1E7A4F7556}") = "HomeTask_7_AutoPark_Cars", "HomeTask_7_AutoPark_Cars\HomeTask_7_AutoPark_Cars.csproj", "{4481C25B-1951-49C7-BDD3-6F511A70C61A}"
EndProject
Project("{9A19103F-16F7-4668-BE54-9A1E7A4F7556}") = "HomeTask_8_Exceptions", "HomeTask_8_Exceptions\HomeTask_8_Exceptions.csproj", "{BC30FA39-B017-49AC-B676-FE6A99A6E05D}"
EndProject
Project("{9A19103F-16F7-4668-BE54-9A1E7A4F7556}") = "HomeTask_9_Collections", "HomeTask_9_Collections\HomeTask_9_Collections.csproj", "{6FC16E29-CD37-420F-B991-FCC44C99F8F0}"
EndProject
Project("{9A19103F-16F7-4668-BE54-9A1E7A4F7556}") = "HomeTask_10_Generic", "HomeTask_10_Generic\HomeTask_10_Generic.csproj", "{A1C328B1-D326-4D44-982F-4D09523742A2}"
EndProject
Project("{9A19103F-16F7-4668-BE54-9A1E7A4F7556}") = "HomeTask_11_Delegates", "HomeTask_11_Delegates\HomeTask_11_Delegates.csproj", "{059CD32C-2ADF-4FED-8E79-20B4FB62AC19}"
EndProject
Project("{FAE04EC0-301F-11D3-BF4B-00C04F79EFBC}") = "HomeTask_12_LINQ", "HomeTask_12_LINQ\HomeTask_12_LINQ.csproj", "{1CE4C2D2-E33E-4356-83BA-7B72D820DF39}"
EndProject
Global
	GlobalSection(SolutionConfigurationPlatforms) = preSolution
		Debug|Any CPU = Debug|Any CPU
		Release|Any CPU = Release|Any CPU
	EndGlobalSection
	GlobalSection(ProjectConfigurationPlatforms) = postSolution
		{5F9003A8-8980-45A9-9B4E-F0F83D7890F5}.Debug|Any CPU.ActiveCfg = Debug|Any CPU
		{5F9003A8-8980-45A9-9B4E-F0F83D7890F5}.Debug|Any CPU.Build.0 = Debug|Any CPU
		{5F9003A8-8980-45A9-9B4E-F0F83D7890F5}.Release|Any CPU.ActiveCfg = Release|Any CPU
		{5F9003A8-8980-45A9-9B4E-F0F83D7890F5}.Release|Any CPU.Build.0 = Release|Any CPU
		{A159AD44-EBE0-4754-A569-77EA6D833140}.Debug|Any CPU.ActiveCfg = Debug|Any CPU
		{A159AD44-EBE0-4754-A569-77EA6D833140}.Debug|Any CPU.Build.0 = Debug|Any CPU
		{A159AD44-EBE0-4754-A569-77EA6D833140}.Release|Any CPU.ActiveCfg = Release|Any CPU
		{A159AD44-EBE0-4754-A569-77EA6D833140}.Release|Any CPU.Build.0 = Release|Any CPU
		{BEFBD078-D180-4AB0-AE82-FECF6551A70A}.Debug|Any CPU.ActiveCfg = Debug|Any CPU
		{BEFBD078-D180-4AB0-AE82-FECF6551A70A}.Debug|Any CPU.Build.0 = Debug|Any CPU
		{BEFBD078-D180-4AB0-AE82-FECF6551A70A}.Release|Any CPU.ActiveCfg = Release|Any CPU
		{BEFBD078-D180-4AB0-AE82-FECF6551A70A}.Release|Any CPU.Build.0 = Release|Any CPU
		{4481C25B-1951-49C7-BDD3-6F511A70C61A}.Debug|Any CPU.ActiveCfg = Debug|Any CPU
		{4481C25B-1951-49C7-BDD3-6F511A70C61A}.Debug|Any CPU.Build.0 = Debug|Any CPU
		{4481C25B-1951-49C7-BDD3-6F511A70C61A}.Release|Any CPU.ActiveCfg = Release|Any CPU
		{4481C25B-1951-49C7-BDD3-6F511A70C61A}.Release|Any CPU.Build.0 = Release|Any CPU
		{BC30FA39-B017-49AC-B676-FE6A99A6E05D}.Debug|Any CPU.ActiveCfg = Debug|Any CPU
		{BC30FA39-B017-49AC-B676-FE6A99A6E05D}.Debug|Any CPU.Build.0 = Debug|Any CPU
		{BC30FA39-B017-49AC-B676-FE6A99A6E05D}.Release|Any CPU.ActiveCfg = Release|Any CPU
		{BC30FA39-B017-49AC-B676-FE6A99A6E05D}.Release|Any CPU.Build.0 = Release|Any CPU
		{6FC16E29-CD37-420F-B991-FCC44C99F8F0}.Debug|Any CPU.ActiveCfg = Debug|Any CPU
		{6FC16E29-CD37-420F-B991-FCC44C99F8F0}.Debug|Any CPU.Build.0 = Debug|Any CPU
		{6FC16E29-CD37-420F-B991-FCC44C99F8F0}.Release|Any CPU.ActiveCfg = Release|Any CPU
		{6FC16E29-CD37-420F-B991-FCC44C99F8F0}.Release|Any CPU.Build.0 = Release|Any CPU
		{A1C328B1-D326-4D44-982F-4D09523742A2}.Debug|Any CPU.ActiveCfg = Debug|Any CPU
		{A1C328B1-D326-4D44-982F-4D09523742A2}.Debug|Any CPU.Build.0 = Debug|Any CPU
		{A1C328B1-D326-4D44-982F-4D09523742A2}.Release|Any CPU.ActiveCfg = Release|Any CPU
		{A1C328B1-D326-4D44-982F-4D09523742A2}.Release|Any CPU.Build.0 = Release|Any CPU
		{059CD32C-2ADF-4FED-8E79-20B4FB62AC19}.Debug|Any CPU.ActiveCfg = Debug|Any CPU
		{059CD32C-2ADF-4FED-8E79-20B4FB62AC19}.Debug|Any CPU.Build.0 = Debug|Any CPU
		{059CD32C-2ADF-4FED-8E79-20B4FB62AC19}.Release|Any CPU.ActiveCfg = Release|Any CPU
		{059CD32C-2ADF-4FED-8E79-20B4FB62AC19}.Release|Any CPU.Build.0 = Release|Any CPU
		{1CE4C2D2-E33E-4356-83BA-7B72D820DF39}.Debug|Any CPU.ActiveCfg = Debug|Any CPU
		{1CE4C2D2-E33E-4356-83BA-7B72D820DF39}.Debug|Any CPU.Build.0 = Debug|Any CPU
		{1CE4C2D2-E33E-4356-83BA-7B72D820DF39}.Release|Any CPU.ActiveCfg = Release|Any CPU
		{1CE4C2D2-E33E-4356-83BA-7B72D820DF39}.Release|Any CPU.Build.0 = Release|Any CPU
	EndGlobalSection
	GlobalSection(SolutionProperties) = preSolution
		HideSolutionNode = FALSE
	EndGlobalSection
	GlobalSection(ExtensibilityGlobals) = postSolution
		SolutionGuid = {E409ED96-19E1-4ACA-8CBB-7FB9E92A8ECB}
	EndGlobalSection
EndGlobal
